// !$*UTF8*$!
{
	archiveVersion = 1;
	classes = {
	};
	objectVersion = 46;
	objects = {

/* Begin PBXBuildFile section */
		44059A951777764F005CD6A6 /* SCFFloorTileNode.m in Sources */ = {isa = PBXBuildFile; fileRef = 44059A941777764F005CD6A6 /* SCFFloorTileNode.m */; };
		4465A838177A040600291FFA /* SCFAStarPoint.m in Sources */ = {isa = PBXBuildFile; fileRef = 4465A837177A040600291FFA /* SCFAStarPoint.m */; };
		4479E92B1777ADA700DA3F7B /* SCFInteractiveNode.m in Sources */ = {isa = PBXBuildFile; fileRef = 4479E92A1777ADA700DA3F7B /* SCFInteractiveNode.m */; };
		4479E92E1777B2EB00DA3F7B /* SCFPlayerNode.m in Sources */ = {isa = PBXBuildFile; fileRef = 4479E92D1777B2EB00DA3F7B /* SCFPlayerNode.m */; };
		4479E9321777BCD000DA3F7B /* SCFInteractiveScene.m in Sources */ = {isa = PBXBuildFile; fileRef = 4479E9311777BCD000DA3F7B /* SCFInteractiveScene.m */; };
		4479E9351777C00600DA3F7B /* SCFCloseButtonNode.m in Sources */ = {isa = PBXBuildFile; fileRef = 4479E9341777C00600DA3F7B /* SCFCloseButtonNode.m */; };
		4479E937177AD2EF00DA3F7B /* Chest Closed.png in Resources */ = {isa = PBXBuildFile; fileRef = 4479E936177AD2EF00DA3F7B /* Chest Closed.png */; };
		4479E93A177ADF5C00DA3F7B /* SCFAStar.m in Sources */ = {isa = PBXBuildFile; fileRef = 4479E939177ADF5C00DA3F7B /* SCFAStar.m */; };
		44CB32041777355E004B4F1C /* Foundation.framework in Frameworks */ = {isa = PBXBuildFile; fileRef = 44CB32031777355E004B4F1C /* Foundation.framework */; };
		44CB32061777355E004B4F1C /* CoreGraphics.framework in Frameworks */ = {isa = PBXBuildFile; fileRef = 44CB32051777355E004B4F1C /* CoreGraphics.framework */; };
		44CB32081777355E004B4F1C /* UIKit.framework in Frameworks */ = {isa = PBXBuildFile; fileRef = 44CB32071777355E004B4F1C /* UIKit.framework */; };
		44CB320A1777355E004B4F1C /* SpriteKit.framework in Frameworks */ = {isa = PBXBuildFile; fileRef = 44CB32091777355E004B4F1C /* SpriteKit.framework */; };
		44CB32101777355E004B4F1C /* InfoPlist.strings in Resources */ = {isa = PBXBuildFile; fileRef = 44CB320E1777355E004B4F1C /* InfoPlist.strings */; };
		44CB32121777355E004B4F1C /* main.m in Sources */ = {isa = PBXBuildFile; fileRef = 44CB32111777355E004B4F1C /* main.m */; };
		44CB32161777355E004B4F1C /* SCFAppDelegate.m in Sources */ = {isa = PBXBuildFile; fileRef = 44CB32151777355E004B4F1C /* SCFAppDelegate.m */; };
		44CB32191777355E004B4F1C /* Main_iPhone.storyboard in Resources */ = {isa = PBXBuildFile; fileRef = 44CB32171777355E004B4F1C /* Main_iPhone.storyboard */; };
		44CB321C1777355E004B4F1C /* Main_iPad.storyboard in Resources */ = {isa = PBXBuildFile; fileRef = 44CB321A1777355E004B4F1C /* Main_iPad.storyboard */; };
		44CB321F1777355E004B4F1C /* SCFViewController.m in Sources */ = {isa = PBXBuildFile; fileRef = 44CB321E1777355E004B4F1C /* SCFViewController.m */; };
		44CB32261777355E004B4F1C /* Images.xcassets in Resources */ = {isa = PBXBuildFile; fileRef = 44CB32251777355E004B4F1C /* Images.xcassets */; };
		44CB322D1777355F004B4F1C /* XCTest.framework in Frameworks */ = {isa = PBXBuildFile; fileRef = 44CB322C1777355F004B4F1C /* XCTest.framework */; };
		44CB322E1777355F004B4F1C /* Foundation.framework in Frameworks */ = {isa = PBXBuildFile; fileRef = 44CB32031777355E004B4F1C /* Foundation.framework */; };
		44CB322F1777355F004B4F1C /* UIKit.framework in Frameworks */ = {isa = PBXBuildFile; fileRef = 44CB32071777355E004B4F1C /* UIKit.framework */; };
		44CB32371777355F004B4F1C /* InfoPlist.strings in Resources */ = {isa = PBXBuildFile; fileRef = 44CB32351777355F004B4F1C /* InfoPlist.strings */; };
		44CB32391777355F004B4F1C /* SunnyCoffeeTests.m in Sources */ = {isa = PBXBuildFile; fileRef = 44CB32381777355F004B4F1C /* SunnyCoffeeTests.m */; };
		44CB32451777381C004B4F1C /* SCFCoffeeShopScene.m in Sources */ = {isa = PBXBuildFile; fileRef = 44CB32441777381C004B4F1C /* SCFCoffeeShopScene.m */; };
		44CB324F17774339004B4F1C /* Character Cat Girl.png in Resources */ = {isa = PBXBuildFile; fileRef = 44CB324E17774339004B4F1C /* Character Cat Girl.png */; };
		44CB3251177746A6004B4F1C /* Brown Block.png in Resources */ = {isa = PBXBuildFile; fileRef = 44CB3250177746A6004B4F1C /* Brown Block.png */; };
		44CB3255177746DD004B4F1C /* SCFTiledNode.m in Sources */ = {isa = PBXBuildFile; fileRef = 44CB3254177746DD004B4F1C /* SCFTiledNode.m */; };
/* End PBXBuildFile section */

/* Begin PBXContainerItemProxy section */
		44CB32301777355F004B4F1C /* PBXContainerItemProxy */ = {
			isa = PBXContainerItemProxy;
			containerPortal = 44CB31F81777355E004B4F1C /* Project object */;
			proxyType = 1;
			remoteGlobalIDString = 44CB31FF1777355E004B4F1C;
			remoteInfo = SunnyCoffee;
		};
/* End PBXContainerItemProxy section */

/* Begin PBXFileReference section */
		44059A931777764F005CD6A6 /* SCFFloorTileNode.h */ = {isa = PBXFileReference; fileEncoding = 4; lastKnownFileType = sourcecode.c.h; path = SCFFloorTileNode.h; sourceTree = "<group>"; };
		44059A941777764F005CD6A6 /* SCFFloorTileNode.m */ = {isa = PBXFileReference; fileEncoding = 4; lastKnownFileType = sourcecode.c.objc; path = SCFFloorTileNode.m; sourceTree = "<group>"; };
		4465A836177A040600291FFA /* SCFAStarPoint.h */ = {isa = PBXFileReference; fileEncoding = 4; lastKnownFileType = sourcecode.c.h; path = SCFAStarPoint.h; sourceTree = "<group>"; };
		4465A837177A040600291FFA /* SCFAStarPoint.m */ = {isa = PBXFileReference; fileEncoding = 4; lastKnownFileType = sourcecode.c.objc; path = SCFAStarPoint.m; sourceTree = "<group>"; };
		4479E9291777ADA700DA3F7B /* SCFInteractiveNode.h */ = {isa = PBXFileReference; fileEncoding = 4; lastKnownFileType = sourcecode.c.h; path = SCFInteractiveNode.h; sourceTree = "<group>"; };
		4479E92A1777ADA700DA3F7B /* SCFInteractiveNode.m */ = {isa = PBXFileReference; fileEncoding = 4; lastKnownFileType = sourcecode.c.objc; path = SCFInteractiveNode.m; sourceTree = "<group>"; };
		4479E92C1777B2EB00DA3F7B /* SCFPlayerNode.h */ = {isa = PBXFileReference; fileEncoding = 4; lastKnownFileType = sourcecode.c.h; path = SCFPlayerNode.h; sourceTree = "<group>"; };
		4479E92D1777B2EB00DA3F7B /* SCFPlayerNode.m */ = {isa = PBXFileReference; fileEncoding = 4; lastKnownFileType = sourcecode.c.objc; path = SCFPlayerNode.m; sourceTree = "<group>"; };
		4479E9301777BCD000DA3F7B /* SCFInteractiveScene.h */ = {isa = PBXFileReference; fileEncoding = 4; lastKnownFileType = sourcecode.c.h; path = SCFInteractiveScene.h; sourceTree = "<group>"; };
		4479E9311777BCD000DA3F7B /* SCFInteractiveScene.m */ = {isa = PBXFileReference; fileEncoding = 4; lastKnownFileType = sourcecode.c.objc; path = SCFInteractiveScene.m; sourceTree = "<group>"; };
		4479E9331777C00600DA3F7B /* SCFCloseButtonNode.h */ = {isa = PBXFileReference; fileEncoding = 4; lastKnownFileType = sourcecode.c.h; path = SCFCloseButtonNode.h; sourceTree = "<group>"; };
		4479E9341777C00600DA3F7B /* SCFCloseButtonNode.m */ = {isa = PBXFileReference; fileEncoding = 4; lastKnownFileType = sourcecode.c.objc; path = SCFCloseButtonNode.m; sourceTree = "<group>"; };
		4479E936177AD2EF00DA3F7B /* Chest Closed.png */ = {isa = PBXFileReference; lastKnownFileType = image.png; path = "Chest Closed.png"; sourceTree = "<group>"; };
		4479E938177ADF5C00DA3F7B /* SCFAStar.h */ = {isa = PBXFileReference; fileEncoding = 4; lastKnownFileType = sourcecode.c.h; path = SCFAStar.h; sourceTree = "<group>"; };
		4479E939177ADF5C00DA3F7B /* SCFAStar.m */ = {isa = PBXFileReference; fileEncoding = 4; lastKnownFileType = sourcecode.c.objc; path = SCFAStar.m; sourceTree = "<group>"; };
		44CB32001777355E004B4F1C /* SunnyCoffee.app */ = {isa = PBXFileReference; explicitFileType = wrapper.application; includeInIndex = 0; path = SunnyCoffee.app; sourceTree = BUILT_PRODUCTS_DIR; };
		44CB32031777355E004B4F1C /* Foundation.framework */ = {isa = PBXFileReference; lastKnownFileType = wrapper.framework; name = Foundation.framework; path = System/Library/Frameworks/Foundation.framework; sourceTree = SDKROOT; };
		44CB32051777355E004B4F1C /* CoreGraphics.framework */ = {isa = PBXFileReference; lastKnownFileType = wrapper.framework; name = CoreGraphics.framework; path = System/Library/Frameworks/CoreGraphics.framework; sourceTree = SDKROOT; };
		44CB32071777355E004B4F1C /* UIKit.framework */ = {isa = PBXFileReference; lastKnownFileType = wrapper.framework; name = UIKit.framework; path = System/Library/Frameworks/UIKit.framework; sourceTree = SDKROOT; };
		44CB32091777355E004B4F1C /* SpriteKit.framework */ = {isa = PBXFileReference; lastKnownFileType = wrapper.framework; name = SpriteKit.framework; path = System/Library/Frameworks/SpriteKit.framework; sourceTree = SDKROOT; };
		44CB320D1777355E004B4F1C /* SunnyCoffee-Info.plist */ = {isa = PBXFileReference; lastKnownFileType = text.plist.xml; path = "SunnyCoffee-Info.plist"; sourceTree = "<group>"; };
		44CB320F1777355E004B4F1C /* en */ = {isa = PBXFileReference; lastKnownFileType = text.plist.strings; name = en; path = en.lproj/InfoPlist.strings; sourceTree = "<group>"; };
		44CB32111777355E004B4F1C /* main.m */ = {isa = PBXFileReference; lastKnownFileType = sourcecode.c.objc; path = main.m; sourceTree = "<group>"; };
		44CB32131777355E004B4F1C /* SunnyCoffee-Prefix.pch */ = {isa = PBXFileReference; lastKnownFileType = sourcecode.c.h; path = "SunnyCoffee-Prefix.pch"; sourceTree = "<group>"; };
		44CB32141777355E004B4F1C /* SCFAppDelegate.h */ = {isa = PBXFileReference; lastKnownFileType = sourcecode.c.h; path = SCFAppDelegate.h; sourceTree = "<group>"; };
		44CB32151777355E004B4F1C /* SCFAppDelegate.m */ = {isa = PBXFileReference; lastKnownFileType = sourcecode.c.objc; path = SCFAppDelegate.m; sourceTree = "<group>"; };
		44CB32181777355E004B4F1C /* Base */ = {isa = PBXFileReference; lastKnownFileType = file.storyboard; name = Base; path = Base.lproj/Main_iPhone.storyboard; sourceTree = "<group>"; };
		44CB321B1777355E004B4F1C /* Base */ = {isa = PBXFileReference; lastKnownFileType = file.storyboard; name = Base; path = Base.lproj/Main_iPad.storyboard; sourceTree = "<group>"; };
		44CB321D1777355E004B4F1C /* SCFViewController.h */ = {isa = PBXFileReference; lastKnownFileType = sourcecode.c.h; path = SCFViewController.h; sourceTree = "<group>"; };
		44CB321E1777355E004B4F1C /* SCFViewController.m */ = {isa = PBXFileReference; lastKnownFileType = sourcecode.c.objc; path = SCFViewController.m; sourceTree = "<group>"; };
		44CB32251777355E004B4F1C /* Images.xcassets */ = {isa = PBXFileReference; lastKnownFileType = folder.assetcatalog; path = Images.xcassets; sourceTree = "<group>"; };
		44CB322B1777355F004B4F1C /* SunnyCoffeeTests.xctest */ = {isa = PBXFileReference; explicitFileType = wrapper.cfbundle; includeInIndex = 0; path = SunnyCoffeeTests.xctest; sourceTree = BUILT_PRODUCTS_DIR; };
		44CB322C1777355F004B4F1C /* XCTest.framework */ = {isa = PBXFileReference; lastKnownFileType = wrapper.framework; name = XCTest.framework; path = Library/Frameworks/XCTest.framework; sourceTree = DEVELOPER_DIR; };
		44CB32341777355F004B4F1C /* SunnyCoffeeTests-Info.plist */ = {isa = PBXFileReference; lastKnownFileType = text.plist.xml; path = "SunnyCoffeeTests-Info.plist"; sourceTree = "<group>"; };
		44CB32361777355F004B4F1C /* en */ = {isa = PBXFileReference; lastKnownFileType = text.plist.strings; name = en; path = en.lproj/InfoPlist.strings; sourceTree = "<group>"; };
		44CB32381777355F004B4F1C /* SunnyCoffeeTests.m */ = {isa = PBXFileReference; lastKnownFileType = sourcecode.c.objc; path = SunnyCoffeeTests.m; sourceTree = "<group>"; };
		44CB32431777381C004B4F1C /* SCFCoffeeShopScene.h */ = {isa = PBXFileReference; fileEncoding = 4; lastKnownFileType = sourcecode.c.h; path = SCFCoffeeShopScene.h; sourceTree = "<group>"; };
		44CB32441777381C004B4F1C /* SCFCoffeeShopScene.m */ = {isa = PBXFileReference; fileEncoding = 4; lastKnownFileType = sourcecode.c.objc; path = SCFCoffeeShopScene.m; sourceTree = "<group>"; };
		44CB324E17774339004B4F1C /* Character Cat Girl.png */ = {isa = PBXFileReference; lastKnownFileType = image.png; path = "Character Cat Girl.png"; sourceTree = "<group>"; };
		44CB3250177746A6004B4F1C /* Brown Block.png */ = {isa = PBXFileReference; lastKnownFileType = image.png; path = "Brown Block.png"; sourceTree = "<group>"; };
		44CB3253177746DD004B4F1C /* SCFTiledNode.h */ = {isa = PBXFileReference; fileEncoding = 4; lastKnownFileType = sourcecode.c.h; path = SCFTiledNode.h; sourceTree = "<group>"; };
		44CB3254177746DD004B4F1C /* SCFTiledNode.m */ = {isa = PBXFileReference; fileEncoding = 4; lastKnownFileType = sourcecode.c.objc; path = SCFTiledNode.m; sourceTree = "<group>"; };
/* End PBXFileReference section */

/* Begin PBXFrameworksBuildPhase section */
		44CB31FD1777355E004B4F1C /* Frameworks */ = {
			isa = PBXFrameworksBuildPhase;
			buildActionMask = 2147483647;
			files = (
				44CB32061777355E004B4F1C /* CoreGraphics.framework in Frameworks */,
				44CB32081777355E004B4F1C /* UIKit.framework in Frameworks */,
				44CB320A1777355E004B4F1C /* SpriteKit.framework in Frameworks */,
				44CB32041777355E004B4F1C /* Foundation.framework in Frameworks */,
			);
			runOnlyForDeploymentPostprocessing = 0;
		};
		44CB32281777355F004B4F1C /* Frameworks */ = {
			isa = PBXFrameworksBuildPhase;
			buildActionMask = 2147483647;
			files = (
				44CB322D1777355F004B4F1C /* XCTest.framework in Frameworks */,
				44CB322F1777355F004B4F1C /* UIKit.framework in Frameworks */,
				44CB322E1777355F004B4F1C /* Foundation.framework in Frameworks */,
			);
			runOnlyForDeploymentPostprocessing = 0;
		};
/* End PBXFrameworksBuildPhase section */

/* Begin PBXGroup section */
		4465A835177A03EB00291FFA /* A* */ = {
			isa = PBXGroup;
			children = (
				4465A836177A040600291FFA /* SCFAStarPoint.h */,
				4465A837177A040600291FFA /* SCFAStarPoint.m */,
				4479E938177ADF5C00DA3F7B /* SCFAStar.h */,
				4479E939177ADF5C00DA3F7B /* SCFAStar.m */,
			);
			name = "A*";
			sourceTree = "<group>";
		};
		4479E92F1777BCAE00DA3F7B /* Interaction Scenes */ = {
			isa = PBXGroup;
			children = (
				4479E9331777C00600DA3F7B /* SCFCloseButtonNode.h */,
				4479E9341777C00600DA3F7B /* SCFCloseButtonNode.m */,
				4479E9301777BCD000DA3F7B /* SCFInteractiveScene.h */,
				4479E9311777BCD000DA3F7B /* SCFInteractiveScene.m */,
			);
			name = "Interaction Scenes";
			sourceTree = "<group>";
		};
		44CB31F71777355E004B4F1C = {
			isa = PBXGroup;
			children = (
				44CB320B1777355E004B4F1C /* SunnyCoffee */,
				44CB32321777355F004B4F1C /* SunnyCoffeeTests */,
				44CB32021777355E004B4F1C /* Frameworks */,
				44CB32011777355E004B4F1C /* Products */,
			);
			sourceTree = "<group>";
		};
		44CB32011777355E004B4F1C /* Products */ = {
			isa = PBXGroup;
			children = (
				44CB32001777355E004B4F1C /* SunnyCoffee.app */,
				44CB322B1777355F004B4F1C /* SunnyCoffeeTests.xctest */,
			);
			name = Products;
			sourceTree = "<group>";
		};
		44CB32021777355E004B4F1C /* Frameworks */ = {
			isa = PBXGroup;
			children = (
				44CB32031777355E004B4F1C /* Foundation.framework */,
				44CB32051777355E004B4F1C /* CoreGraphics.framework */,
				44CB32071777355E004B4F1C /* UIKit.framework */,
				44CB32091777355E004B4F1C /* SpriteKit.framework */,
				44CB322C1777355F004B4F1C /* XCTest.framework */,
			);
			name = Frameworks;
			sourceTree = "<group>";
		};
		44CB320B1777355E004B4F1C /* SunnyCoffee */ = {
			isa = PBXGroup;
			children = (
				4465A835177A03EB00291FFA /* A* */,
				44CB3242177737FD004B4F1C /* Coffee Shop Scene */,
				4479E92F1777BCAE00DA3F7B /* Interaction Scenes */,
				44CB32141777355E004B4F1C /* SCFAppDelegate.h */,
				44CB32151777355E004B4F1C /* SCFAppDelegate.m */,
				44CB321D1777355E004B4F1C /* SCFViewController.h */,
				44CB321E1777355E004B4F1C /* SCFViewController.m */,
				44CB32171777355E004B4F1C /* Main_iPhone.storyboard */,
				44CB321A1777355E004B4F1C /* Main_iPad.storyboard */,
				44CB3250177746A6004B4F1C /* Brown Block.png */,
				44CB324E17774339004B4F1C /* Character Cat Girl.png */,
				4479E936177AD2EF00DA3F7B /* Chest Closed.png */,
				44CB32251777355E004B4F1C /* Images.xcassets */,
				44CB320C1777355E004B4F1C /* Supporting Files */,
			);
			path = SunnyCoffee;
			sourceTree = "<group>";
		};
		44CB320C1777355E004B4F1C /* Supporting Files */ = {
			isa = PBXGroup;
			children = (
				44CB320D1777355E004B4F1C /* SunnyCoffee-Info.plist */,
				44CB320E1777355E004B4F1C /* InfoPlist.strings */,
				44CB32111777355E004B4F1C /* main.m */,
				44CB32131777355E004B4F1C /* SunnyCoffee-Prefix.pch */,
			);
			name = "Supporting Files";
			sourceTree = "<group>";
		};
		44CB32321777355F004B4F1C /* SunnyCoffeeTests */ = {
			isa = PBXGroup;
			children = (
				44CB32381777355F004B4F1C /* SunnyCoffeeTests.m */,
				44CB32331777355F004B4F1C /* Supporting Files */,
			);
			path = SunnyCoffeeTests;
			sourceTree = "<group>";
		};
		44CB32331777355F004B4F1C /* Supporting Files */ = {
			isa = PBXGroup;
			children = (
				44CB32341777355F004B4F1C /* SunnyCoffeeTests-Info.plist */,
				44CB32351777355F004B4F1C /* InfoPlist.strings */,
			);
			name = "Supporting Files";
			sourceTree = "<group>";
		};
		44CB3242177737FD004B4F1C /* Coffee Shop Scene */ = {
			isa = PBXGroup;
			children = (
				44CB3252177746BC004B4F1C /* Nodes */,
				44CB32431777381C004B4F1C /* SCFCoffeeShopScene.h */,
				44CB32441777381C004B4F1C /* SCFCoffeeShopScene.m */,
			);
			name = "Coffee Shop Scene";
			sourceTree = "<group>";
		};
		44CB3252177746BC004B4F1C /* Nodes */ = {
			isa = PBXGroup;
			children = (
				44059A931777764F005CD6A6 /* SCFFloorTileNode.h */,
				44059A941777764F005CD6A6 /* SCFFloorTileNode.m */,
				4479E9291777ADA700DA3F7B /* SCFInteractiveNode.h */,
				4479E92A1777ADA700DA3F7B /* SCFInteractiveNode.m */,
				4479E92C1777B2EB00DA3F7B /* SCFPlayerNode.h */,
				4479E92D1777B2EB00DA3F7B /* SCFPlayerNode.m */,
				44CB3253177746DD004B4F1C /* SCFTiledNode.h */,
				44CB3254177746DD004B4F1C /* SCFTiledNode.m */,
			);
			name = Nodes;
			sourceTree = "<group>";
		};
/* End PBXGroup section */

/* Begin PBXNativeTarget section */
		44CB31FF1777355E004B4F1C /* SunnyCoffee */ = {
			isa = PBXNativeTarget;
			buildConfigurationList = 44CB323C1777355F004B4F1C /* Build configuration list for PBXNativeTarget "SunnyCoffee" */;
			buildPhases = (
				44CB31FC1777355E004B4F1C /* Sources */,
				44CB31FD1777355E004B4F1C /* Frameworks */,
				44CB31FE1777355E004B4F1C /* Resources */,
			);
			buildRules = (
			);
			dependencies = (
			);
			name = SunnyCoffee;
			productName = SunnyCoffee;
			productReference = 44CB32001777355E004B4F1C /* SunnyCoffee.app */;
			productType = "com.apple.product-type.application";
		};
		44CB322A1777355F004B4F1C /* SunnyCoffeeTests */ = {
			isa = PBXNativeTarget;
			buildConfigurationList = 44CB323F1777355F004B4F1C /* Build configuration list for PBXNativeTarget "SunnyCoffeeTests" */;
			buildPhases = (
				44CB32271777355F004B4F1C /* Sources */,
				44CB32281777355F004B4F1C /* Frameworks */,
				44CB32291777355F004B4F1C /* Resources */,
			);
			buildRules = (
			);
			dependencies = (
				44CB32311777355F004B4F1C /* PBXTargetDependency */,
			);
			name = SunnyCoffeeTests;
			productName = SunnyCoffeeTests;
			productReference = 44CB322B1777355F004B4F1C /* SunnyCoffeeTests.xctest */;
			productType = "com.apple.product-type.bundle.unit-test";
		};
/* End PBXNativeTarget section */

/* Begin PBXProject section */
		44CB31F81777355E004B4F1C /* Project object */ = {
			isa = PBXProject;
			attributes = {
				CLASSPREFIX = SCF;
				LastUpgradeCheck = 0500;
				ORGANIZATIONNAME = "Eduardo Costa";
				TargetAttributes = {
					44CB322A1777355F004B4F1C = {
						TestTargetID = 44CB31FF1777355E004B4F1C;
					};
				};
			};
			buildConfigurationList = 44CB31FB1777355E004B4F1C /* Build configuration list for PBXProject "SunnyCoffee" */;
			compatibilityVersion = "Xcode 3.2";
			developmentRegion = English;
			hasScannedForEncodings = 0;
			knownRegions = (
				en,
				Base,
			);
			mainGroup = 44CB31F71777355E004B4F1C;
			productRefGroup = 44CB32011777355E004B4F1C /* Products */;
			projectDirPath = "";
			projectRoot = "";
			targets = (
				44CB31FF1777355E004B4F1C /* SunnyCoffee */,
				44CB322A1777355F004B4F1C /* SunnyCoffeeTests */,
			);
		};
/* End PBXProject section */

/* Begin PBXResourcesBuildPhase section */
		44CB31FE1777355E004B4F1C /* Resources */ = {
			isa = PBXResourcesBuildPhase;
			buildActionMask = 2147483647;
			files = (
				44CB32261777355E004B4F1C /* Images.xcassets in Resources */,
				44CB324F17774339004B4F1C /* Character Cat Girl.png in Resources */,
				4479E937177AD2EF00DA3F7B /* Chest Closed.png in Resources */,
				44CB321C1777355E004B4F1C /* Main_iPad.storyboard in Resources */,
				44CB32191777355E004B4F1C /* Main_iPhone.storyboard in Resources */,
				44CB32101777355E004B4F1C /* InfoPlist.strings in Resources */,
				44CB3251177746A6004B4F1C /* Brown Block.png in Resources */,
			);
			runOnlyForDeploymentPostprocessing = 0;
		};
		44CB32291777355F004B4F1C /* Resources */ = {
			isa = PBXResourcesBuildPhase;
			buildActionMask = 2147483647;
			files = (
				44CB32371777355F004B4F1C /* InfoPlist.strings in Resources */,
			);
			runOnlyForDeploymentPostprocessing = 0;
		};
/* End PBXResourcesBuildPhase section */

/* Begin PBXSourcesBuildPhase section */
		44CB31FC1777355E004B4F1C /* Sources */ = {
			isa = PBXSourcesBuildPhase;
			buildActionMask = 2147483647;
			files = (
				4479E93A177ADF5C00DA3F7B /* SCFAStar.m in Sources */,
				44CB32121777355E004B4F1C /* main.m in Sources */,
				4479E92E1777B2EB00DA3F7B /* SCFPlayerNode.m in Sources */,
				44CB32161777355E004B4F1C /* SCFAppDelegate.m in Sources */,
				4479E9321777BCD000DA3F7B /* SCFInteractiveScene.m in Sources */,
				44CB32451777381C004B4F1C /* SCFCoffeeShopScene.m in Sources */,
				4479E9351777C00600DA3F7B /* SCFCloseButtonNode.m in Sources */,
				4479E92B1777ADA700DA3F7B /* SCFInteractiveNode.m in Sources */,
				44CB3255177746DD004B4F1C /* SCFTiledNode.m in Sources */,
				44CB321F1777355E004B4F1C /* SCFViewController.m in Sources */,
				44059A951777764F005CD6A6 /* SCFFloorTileNode.m in Sources */,
				4465A838177A040600291FFA /* SCFAStarPoint.m in Sources */,
			);
			runOnlyForDeploymentPostprocessing = 0;
		};
		44CB32271777355F004B4F1C /* Sources */ = {
			isa = PBXSourcesBuildPhase;
			buildActionMask = 2147483647;
			files = (
				44CB32391777355F004B4F1C /* SunnyCoffeeTests.m in Sources */,
			);
			runOnlyForDeploymentPostprocessing = 0;
		};
/* End PBXSourcesBuildPhase section */

/* Begin PBXTargetDependency section */
		44CB32311777355F004B4F1C /* PBXTargetDependency */ = {
			isa = PBXTargetDependency;
			target = 44CB31FF1777355E004B4F1C /* SunnyCoffee */;
			targetProxy = 44CB32301777355F004B4F1C /* PBXContainerItemProxy */;
		};
/* End PBXTargetDependency section */

/* Begin PBXVariantGroup section */
		44CB320E1777355E004B4F1C /* InfoPlist.strings */ = {
			isa = PBXVariantGroup;
			children = (
				44CB320F1777355E004B4F1C /* en */,
			);
			name = InfoPlist.strings;
			sourceTree = "<group>";
		};
		44CB32171777355E004B4F1C /* Main_iPhone.storyboard */ = {
			isa = PBXVariantGroup;
			children = (
				44CB32181777355E004B4F1C /* Base */,
			);
			name = Main_iPhone.storyboard;
			sourceTree = "<group>";
		};
		44CB321A1777355E004B4F1C /* Main_iPad.storyboard */ = {
			isa = PBXVariantGroup;
			children = (
				44CB321B1777355E004B4F1C /* Base */,
			);
			name = Main_iPad.storyboard;
			sourceTree = "<group>";
		};
		44CB32351777355F004B4F1C /* InfoPlist.strings */ = {
			isa = PBXVariantGroup;
			children = (
				44CB32361777355F004B4F1C /* en */,
			);
			name = InfoPlist.strings;
			sourceTree = "<group>";
		};
/* End PBXVariantGroup section */

/* Begin XCBuildConfiguration section */
		44CB323A1777355F004B4F1C /* Debug */ = {
			isa = XCBuildConfiguration;
			buildSettings = {
				ALWAYS_SEARCH_USER_PATHS = NO;
				CLANG_CXX_LANGUAGE_STANDARD = "gnu++0x";
				CLANG_CXX_LIBRARY = "libc++";
				CLANG_ENABLE_MODULES = YES;
				CLANG_ENABLE_OBJC_ARC = YES;
				CLANG_WARN_BOOL_CONVERSION = YES;
				CLANG_WARN_CONSTANT_CONVERSION = YES;
				CLANG_WARN_DIRECT_OBJC_ISA_USAGE = YES_ERROR;
				CLANG_WARN_EMPTY_BODY = YES;
				CLANG_WARN_ENUM_CONVERSION = YES;
				CLANG_WARN_INT_CONVERSION = YES;
				CLANG_WARN_OBJC_ROOT_CLASS = YES_ERROR;
				CLANG_WARN__DUPLICATE_METHOD_MATCH = YES;
				"CODE_SIGN_IDENTITY[sdk=iphoneos*]" = "iPhone Developer";
				COPY_PHASE_STRIP = NO;
				GCC_C_LANGUAGE_STANDARD = gnu99;
				GCC_DYNAMIC_NO_PIC = NO;
				GCC_OPTIMIZATION_LEVEL = 0;
				GCC_PREPROCESSOR_DEFINITIONS = (
					"DEBUG=1",
					"$(inherited)",
				);
				GCC_SYMBOLS_PRIVATE_EXTERN = NO;
				GCC_WARN_ABOUT_RETURN_TYPE = YES_ERROR;
				GCC_WARN_UNDECLARED_SELECTOR = YES;
				GCC_WARN_UNINITIALIZED_AUTOS = YES;
				GCC_WARN_UNUSED_FUNCTION = YES;
				GCC_WARN_UNUSED_VARIABLE = YES;
				IPHONEOS_DEPLOYMENT_TARGET = 7.0;
				ONLY_ACTIVE_ARCH = YES;
				SDKROOT = iphoneos;
				TARGETED_DEVICE_FAMILY = "1,2";
			};
			name = Debug;
		};
		44CB323B1777355F004B4F1C /* Release */ = {
			isa = XCBuildConfiguration;
			buildSettings = {
				ALWAYS_SEARCH_USER_PATHS = NO;
				CLANG_CXX_LANGUAGE_STANDARD = "gnu++0x";
				CLANG_CXX_LIBRARY = "libc++";
				CLANG_ENABLE_MODULES = YES;
				CLANG_ENABLE_OBJC_ARC = YES;
				CLANG_WARN_BOOL_CONVERSION = YES;
				CLANG_WARN_CONSTANT_CONVERSION = YES;
				CLANG_WARN_DIRECT_OBJC_ISA_USAGE = YES_ERROR;
				CLANG_WARN_EMPTY_BODY = YES;
				CLANG_WARN_ENUM_CONVERSION = YES;
				CLANG_WARN_INT_CONVERSION = YES;
				CLANG_WARN_OBJC_ROOT_CLASS = YES_ERROR;
				CLANG_WARN__DUPLICATE_METHOD_MATCH = YES;
				"CODE_SIGN_IDENTITY[sdk=iphoneos*]" = "iPhone Developer";
				COPY_PHASE_STRIP = YES;
				ENABLE_NS_ASSERTIONS = NO;
				GCC_C_LANGUAGE_STANDARD = gnu99;
				GCC_WARN_ABOUT_RETURN_TYPE = YES_ERROR;
				GCC_WARN_UNDECLARED_SELECTOR = YES;
				GCC_WARN_UNINITIALIZED_AUTOS = YES;
				GCC_WARN_UNUSED_FUNCTION = YES;
				GCC_WARN_UNUSED_VARIABLE = YES;
				IPHONEOS_DEPLOYMENT_TARGET = 7.0;
				SDKROOT = iphoneos;
				TARGETED_DEVICE_FAMILY = "1,2";
				VALIDATE_PRODUCT = YES;
			};
			name = Release;
		};
		44CB323D1777355F004B4F1C /* Debug */ = {
			isa = XCBuildConfiguration;
			buildSettings = {
				ASSETCATALOG_COMPILER_APPICON_NAME = AppIcon;
				ASSETCATALOG_COMPILER_LAUNCHIMAGE_NAME = LaunchImage;
				GCC_PRECOMPILE_PREFIX_HEADER = YES;
				GCC_PREFIX_HEADER = "SunnyCoffee/SunnyCoffee-Prefix.pch";
				INFOPLIST_FILE = "SunnyCoffee/SunnyCoffee-Info.plist";
				PRODUCT_NAME = "$(TARGET_NAME)";
				SPRITEKIT_TEXTURE_ATLAS_OUTPUT = YES;
				WRAPPER_EXTENSION = app;
			};
			name = Debug;
		};
		44CB323E1777355F004B4F1C /* Release */ = {
			isa = XCBuildConfiguration;
			buildSettings = {
				ASSETCATALOG_COMPILER_APPICON_NAME = AppIcon;
				ASSETCATALOG_COMPILER_LAUNCHIMAGE_NAME = LaunchImage;
				GCC_PRECOMPILE_PREFIX_HEADER = YES;
				GCC_PREFIX_HEADER = "SunnyCoffee/SunnyCoffee-Prefix.pch";
				INFOPLIST_FILE = "SunnyCoffee/SunnyCoffee-Info.plist";
				PRODUCT_NAME = "$(TARGET_NAME)";
				SPRITEKIT_TEXTURE_ATLAS_OUTPUT = YES;
				WRAPPER_EXTENSION = app;
			};
			name = Release;
		};
		44CB32401777355F004B4F1C /* Debug */ = {
			isa = XCBuildConfiguration;
			buildSettings = {
				BUNDLE_LOADER = "$(BUILT_PRODUCTS_DIR)/SunnyCoffee.app/SunnyCoffee";
				FRAMEWORK_SEARCH_PATHS = (
					"$(SDKROOT)/Developer/Library/Frameworks",
					"$(inherited)",
					"$(SYSTEM_APPS_DIR)/Xcode5-DP.app/Contents/Developer/Library/Frameworks",
				);
				GCC_PRECOMPILE_PREFIX_HEADER = YES;
				GCC_PREFIX_HEADER = "SunnyCoffee/SunnyCoffee-Prefix.pch";
				GCC_PREPROCESSOR_DEFINITIONS = (
					"DEBUG=1",
					"$(inherited)",
				);
				INFOPLIST_FILE = "SunnyCoffeeTests/SunnyCoffeeTests-Info.plist";
				PRODUCT_NAME = "$(TARGET_NAME)";
				TEST_HOST = "$(BUNDLE_LOADER)";
				WRAPPER_EXTENSION = xctest;
			};
			name = Debug;
		};
		44CB32411777355F004B4F1C /* Release */ = {
			isa = XCBuildConfiguration;
			buildSettings = {
				BUNDLE_LOADER = "$(BUILT_PRODUCTS_DIR)/SunnyCoffee.app/SunnyCoffee";
				FRAMEWORK_SEARCH_PATHS = (
					"$(SDKROOT)/Developer/Library/Frameworks",
					"$(inherited)",
					"$(SYSTEM_APPS_DIR)/Xcode5-DP.app/Contents/Developer/Library/Frameworks",
				);
				GCC_PRECOMPILE_PREFIX_HEADER = YES;
				GCC_PREFIX_HEADER = "SunnyCoffee/SunnyCoffee-Prefix.pch";
				INFOPLIST_FILE = "SunnyCoffeeTests/SunnyCoffeeTests-Info.plist";
				PRODUCT_NAME = "$(TARGET_NAME)";
				TEST_HOST = "$(BUNDLE_LOADER)";
				WRAPPER_EXTENSION = xctest;
			};
			name = Release;
		};
/* End XCBuildConfiguration section */

/* Begin XCConfigurationList section */
		44CB31FB1777355E004B4F1C /* Build configuration list for PBXProject "SunnyCoffee" */ = {
			isa = XCConfigurationList;
			buildConfigurations = (
				44CB323A1777355F004B4F1C /* Debug */,
				44CB323B1777355F004B4F1C /* Release */,
			);
			defaultConfigurationIsVisible = 0;
			defaultConfigurationName = Release;
		};
		44CB323C1777355F004B4F1C /* Build configuration list for PBXNativeTarget "SunnyCoffee" */ = {
			isa = XCConfigurationList;
			buildConfigurations = (
				44CB323D1777355F004B4F1C /* Debug */,
				44CB323E1777355F004B4F1C /* Release */,
			);
			defaultConfigurationIsVisible = 0;
			defaultConfigurationName = Release;
		};
		44CB323F1777355F004B4F1C /* Build configuration list for PBXNativeTarget "SunnyCoffeeTests" */ = {
			isa = XCConfigurationList;
			buildConfigurations = (
				44CB32401777355F004B4F1C /* Debug */,
				44CB32411777355F004B4F1C /* Release */,
			);
			defaultConfigurationIsVisible = 0;
			defaultConfigurationName = Release;
		};
/* End XCConfigurationList section */
	};
	rootObject = 44CB31F81777355E004B4F1C /* Project object */;
}
